// !$*UTF8*$!
{
	archiveVersion = 1;
	classes = {
	};
	objectVersion = 55;
	objects = {

/* Begin PBXBuildFile section */
		4119A7E23C93C6DEE5BB9922 /* Pods_TestFireBase.framework in Frameworks */ = {isa = PBXBuildFile; fileRef = 1C629FDDF3B7691E261FAC53 /* Pods_TestFireBase.framework */; };
		E158AC4428CC330E00114F54 /* TestFireBaseApp.swift in Sources */ = {isa = PBXBuildFile; fileRef = E158AC4328CC330E00114F54 /* TestFireBaseApp.swift */; };
		E158AC4628CC330E00114F54 /* ContentView.swift in Sources */ = {isa = PBXBuildFile; fileRef = E158AC4528CC330E00114F54 /* ContentView.swift */; };
		E158AC4828CC330F00114F54 /* Assets.xcassets in Resources */ = {isa = PBXBuildFile; fileRef = E158AC4728CC330F00114F54 /* Assets.xcassets */; };
		E158AC4B28CC330F00114F54 /* Preview Assets.xcassets in Resources */ = {isa = PBXBuildFile; fileRef = E158AC4A28CC330F00114F54 /* Preview Assets.xcassets */; };
		E158AC5228CC355700114F54 /* Firebase.swift in Sources */ = {isa = PBXBuildFile; fileRef = E158AC5128CC355700114F54 /* Firebase.swift */; };
		E158AC5428CC3A7100114F54 /* ViewModel.swift in Sources */ = {isa = PBXBuildFile; fileRef = E158AC5328CC3A7100114F54 /* ViewModel.swift */; };
		E158AC5628CC3B6800114F54 /* Model.swift in Sources */ = {isa = PBXBuildFile; fileRef = E158AC5528CC3B6800114F54 /* Model.swift */; };
		E158AC5A28CCBE4000114F54 /* GoogleService-Info.plist in Resources */ = {isa = PBXBuildFile; fileRef = E158AC5928CCBE4000114F54 /* GoogleService-Info.plist */; };
/* End PBXBuildFile section */

/* Begin PBXFileReference section */
		1C629FDDF3B7691E261FAC53 /* Pods_TestFireBase.framework */ = {isa = PBXFileReference; explicitFileType = wrapper.framework; includeInIndex = 0; path = Pods_TestFireBase.framework; sourceTree = BUILT_PRODUCTS_DIR; };
		65EDE994F498C23D1666F621 /* Pods-TestFireBase.debug.xcconfig */ = {isa = PBXFileReference; includeInIndex = 1; lastKnownFileType = text.xcconfig; name = "Pods-TestFireBase.debug.xcconfig"; path = "Target Support Files/Pods-TestFireBase/Pods-TestFireBase.debug.xcconfig"; sourceTree = "<group>"; };
		8CB06AE6C9866BEC299AC67C /* Pods-TestFireBase.release.xcconfig */ = {isa = PBXFileReference; includeInIndex = 1; lastKnownFileType = text.xcconfig; name = "Pods-TestFireBase.release.xcconfig"; path = "Target Support Files/Pods-TestFireBase/Pods-TestFireBase.release.xcconfig"; sourceTree = "<group>"; };
		E158AC4028CC330E00114F54 /* TestFireBase.app */ = {isa = PBXFileReference; explicitFileType = wrapper.application; includeInIndex = 0; path = TestFireBase.app; sourceTree = BUILT_PRODUCTS_DIR; };
		E158AC4328CC330E00114F54 /* TestFireBaseApp.swift */ = {isa = PBXFileReference; lastKnownFileType = sourcecode.swift; path = TestFireBaseApp.swift; sourceTree = "<group>"; };
		E158AC4528CC330E00114F54 /* ContentView.swift */ = {isa = PBXFileReference; lastKnownFileType = sourcecode.swift; path = ContentView.swift; sourceTree = "<group>"; };
		E158AC4728CC330F00114F54 /* Assets.xcassets */ = {isa = PBXFileReference; lastKnownFileType = folder.assetcatalog; path = Assets.xcassets; sourceTree = "<group>"; };
		E158AC4A28CC330F00114F54 /* Preview Assets.xcassets */ = {isa = PBXFileReference; lastKnownFileType = folder.assetcatalog; path = "Preview Assets.xcassets"; sourceTree = "<group>"; };
		E158AC5128CC355700114F54 /* Firebase.swift */ = {isa = PBXFileReference; lastKnownFileType = sourcecode.swift; path = Firebase.swift; sourceTree = "<group>"; };
		E158AC5328CC3A7100114F54 /* ViewModel.swift */ = {isa = PBXFileReference; lastKnownFileType = sourcecode.swift; path = ViewModel.swift; sourceTree = "<group>"; };
		E158AC5528CC3B6800114F54 /* Model.swift */ = {isa = PBXFileReference; lastKnownFileType = sourcecode.swift; path = Model.swift; sourceTree = "<group>"; };
		E158AC5928CCBE4000114F54 /* GoogleService-Info.plist */ = {isa = PBXFileReference; lastKnownFileType = text.plist; path = "GoogleService-Info.plist"; sourceTree = SOURCE_ROOT; };
/* End PBXFileReference section */

/* Begin PBXFrameworksBuildPhase section */
		E158AC3D28CC330E00114F54 /* Frameworks */ = {
			isa = PBXFrameworksBuildPhase;
			buildActionMask = 2147483647;
			files = (
				4119A7E23C93C6DEE5BB9922 /* Pods_TestFireBase.framework in Frameworks */,
			);
			runOnlyForDeploymentPostprocessing = 0;
		};
/* End PBXFrameworksBuildPhase section */

/* Begin PBXGroup section */
		B633B4730FC00C78A6116226 /* Frameworks */ = {
			isa = PBXGroup;
			children = (
				1C629FDDF3B7691E261FAC53 /* Pods_TestFireBase.framework */,
			);
			name = Frameworks;
			sourceTree = "<group>";
		};
		C6D1D302C79FF00EDAC417AA /* Pods */ = {
			isa = PBXGroup;
			children = (
				65EDE994F498C23D1666F621 /* Pods-TestFireBase.debug.xcconfig */,
				8CB06AE6C9866BEC299AC67C /* Pods-TestFireBase.release.xcconfig */,
			);
			path = Pods;
			sourceTree = "<group>";
		};
		E158AC3728CC330E00114F54 = {
			isa = PBXGroup;
			children = (
				E158AC4228CC330E00114F54 /* TestFireBase */,
				E158AC4128CC330E00114F54 /* Products */,
				C6D1D302C79FF00EDAC417AA /* Pods */,
				B633B4730FC00C78A6116226 /* Frameworks */,
			);
			sourceTree = "<group>";
		};
		E158AC4128CC330E00114F54 /* Products */ = {
			isa = PBXGroup;
			children = (
				E158AC4028CC330E00114F54 /* TestFireBase.app */,
			);
			name = Products;
			sourceTree = "<group>";
		};
		E158AC4228CC330E00114F54 /* TestFireBase */ = {
			isa = PBXGroup;
			children = (
				E158AC5928CCBE4000114F54 /* GoogleService-Info.plist */,
				E158AC4328CC330E00114F54 /* TestFireBaseApp.swift */,
				E158AC4528CC330E00114F54 /* ContentView.swift */,
				E158AC5128CC355700114F54 /* Firebase.swift */,
				E158AC5328CC3A7100114F54 /* ViewModel.swift */,
				E158AC5528CC3B6800114F54 /* Model.swift */,
				E158AC4728CC330F00114F54 /* Assets.xcassets */,
				E158AC4928CC330F00114F54 /* Preview Content */,
			);
			path = TestFireBase;
			sourceTree = "<group>";
		};
		E158AC4928CC330F00114F54 /* Preview Content */ = {
			isa = PBXGroup;
			children = (
				E158AC4A28CC330F00114F54 /* Preview Assets.xcassets */,
			);
			path = "Preview Content";
			sourceTree = "<group>";
		};
/* End PBXGroup section */

/* Begin PBXNativeTarget section */
		E158AC3F28CC330E00114F54 /* TestFireBase */ = {
			isa = PBXNativeTarget;
			buildConfigurationList = E158AC4E28CC330F00114F54 /* Build configuration list for PBXNativeTarget "TestFireBase" */;
			buildPhases = (
				46235BD481A6C7CEC6C49992 /* [CP] Check Pods Manifest.lock */,
				E158AC3C28CC330E00114F54 /* Sources */,
				E158AC3D28CC330E00114F54 /* Frameworks */,
				E158AC3E28CC330E00114F54 /* Resources */,
				78E6EA54BC0E02FADF8DD4A9 /* [CP] Embed Pods Frameworks */,
			);
			buildRules = (
			);
			dependencies = (
			);
			name = TestFireBase;
			productName = TestFireBase;
			productReference = E158AC4028CC330E00114F54 /* TestFireBase.app */;
			productType = "com.apple.product-type.application";
		};
/* End PBXNativeTarget section */

/* Begin PBXProject section */
		E158AC3828CC330E00114F54 /* Project object */ = {
			isa = PBXProject;
			attributes = {
				BuildIndependentTargetsInParallel = 1;
				LastSwiftUpdateCheck = 1340;
				LastUpgradeCheck = 1340;
				TargetAttributes = {
					E158AC3F28CC330E00114F54 = {
						CreatedOnToolsVersion = 13.4.1;
					};
				};
			};
			buildConfigurationList = E158AC3B28CC330E00114F54 /* Build configuration list for PBXProject "TestFireBase" */;
			compatibilityVersion = "Xcode 13.0";
			developmentRegion = en;
			hasScannedForEncodings = 0;
			knownRegions = (
				en,
				Base,
			);
			mainGroup = E158AC3728CC330E00114F54;
			productRefGroup = E158AC4128CC330E00114F54 /* Products */;
			projectDirPath = "";
			projectRoot = "";
			targets = (
				E158AC3F28CC330E00114F54 /* TestFireBase */,
			);
		};
/* End PBXProject section */

/* Begin PBXResourcesBuildPhase section */
		E158AC3E28CC330E00114F54 /* Resources */ = {
			isa = PBXResourcesBuildPhase;
			buildActionMask = 2147483647;
			files = (
				E158AC4B28CC330F00114F54 /* Preview Assets.xcassets in Resources */,
				E158AC4828CC330F00114F54 /* Assets.xcassets in Resources */,
				E158AC5A28CCBE4000114F54 /* GoogleService-Info.plist in Resources */,
			);
			runOnlyForDeploymentPostprocessing = 0;
		};
/* End PBXResourcesBuildPhase section */

/* Begin PBXShellScriptBuildPhase section */
		46235BD481A6C7CEC6C49992 /* [CP] Check Pods Manifest.lock */ = {
			isa = PBXShellScriptBuildPhase;
			buildActionMask = 2147483647;
			files = (
			);
			inputFileListPaths = (
			);
			inputPaths = (
				"${PODS_PODFILE_DIR_PATH}/Podfile.lock",
				"${PODS_ROOT}/Manifest.lock",
			);
			name = "[CP] Check Pods Manifest.lock";
			outputFileListPaths = (
			);
			outputPaths = (
				"$(DERIVED_FILE_DIR)/Pods-TestFireBase-checkManifestLockResult.txt",
			);
			runOnlyForDeploymentPostprocessing = 0;
			shellPath = /bin/sh;
			shellScript = "diff \"${PODS_PODFILE_DIR_PATH}/Podfile.lock\" \"${PODS_ROOT}/Manifest.lock\" > /dev/null\nif [ $? != 0 ] ; then\n    # print error to STDERR\n    echo \"error: The sandbox is not in sync with the Podfile.lock. Run 'pod install' or update your CocoaPods installation.\" >&2\n    exit 1\nfi\n# This output is used by Xcode 'outputs' to avoid re-running this script phase.\necho \"SUCCESS\" > \"${SCRIPT_OUTPUT_FILE_0}\"\n";
			showEnvVarsInLog = 0;
		};
		78E6EA54BC0E02FADF8DD4A9 /* [CP] Embed Pods Frameworks */ = {
			isa = PBXShellScriptBuildPhase;
			buildActionMask = 2147483647;
			files = (
			);
			inputFileListPaths = (
				"${PODS_ROOT}/Target Support Files/Pods-TestFireBase/Pods-TestFireBase-frameworks-${CONFIGURATION}-input-files.xcfilelist",
			);
			name = "[CP] Embed Pods Frameworks";
			outputFileListPaths = (
				"${PODS_ROOT}/Target Support Files/Pods-TestFireBase/Pods-TestFireBase-frameworks-${CONFIGURATION}-output-files.xcfilelist",
			);
			runOnlyForDeploymentPostprocessing = 0;
			shellPath = /bin/sh;
			shellScript = "\"${PODS_ROOT}/Target Support Files/Pods-TestFireBase/Pods-TestFireBase-frameworks.sh\"\n";
			showEnvVarsInLog = 0;
		};
/* End PBXShellScriptBuildPhase section */

/* Begin PBXSourcesBuildPhase section */
		E158AC3C28CC330E00114F54 /* Sources */ = {
			isa = PBXSourcesBuildPhase;
			buildActionMask = 2147483647;
			files = (
				E158AC5628CC3B6800114F54 /* Model.swift in Sources */,
				E158AC5228CC355700114F54 /* Firebase.swift in Sources */,
				E158AC5428CC3A7100114F54 /* ViewModel.swift in Sources */,
				E158AC4628CC330E00114F54 /* ContentView.swift in Sources */,
				E158AC4428CC330E00114F54 /* TestFireBaseApp.swift in Sources */,
			);
			runOnlyForDeploymentPostprocessing = 0;
		};
/* End PBXSourcesBuildPhase section */

/* Begin XCBuildConfiguration section */
		E158AC4C28CC330F00114F54 /* Debug */ = {
			isa = XCBuildConfiguration;
			buildSettings = {
				ALWAYS_SEARCH_USER_PATHS = NO;
				CLANG_ANALYZER_NONNULL = YES;
				CLANG_ANALYZER_NUMBER_OBJECT_CONVERSION = YES_AGGRESSIVE;
				CLANG_CXX_LANGUAGE_STANDARD = "gnu++17";
				CLANG_ENABLE_MODULES = YES;
				CLANG_ENABLE_OBJC_ARC = YES;
				CLANG_ENABLE_OBJC_WEAK = YES;
				CLANG_WARN_BLOCK_CAPTURE_AUTORELEASING = YES;
				CLANG_WARN_BOOL_CONVERSION = YES;
				CLANG_WARN_COMMA = YES;
				CLANG_WARN_CONSTANT_CONVERSION = YES;
				CLANG_WARN_DEPRECATED_OBJC_IMPLEMENTATIONS = YES;
				CLANG_WARN_DIRECT_OBJC_ISA_USAGE = YES_ERROR;
				CLANG_WARN_DOCUMENTATION_COMMENTS = YES;
				CLANG_WARN_EMPTY_BODY = YES;
				CLANG_WARN_ENUM_CONVERSION = YES;
				CLANG_WARN_INFINITE_RECURSION = YES;
				CLANG_WARN_INT_CONVERSION = YES;
				CLANG_WARN_NON_LITERAL_NULL_CONVERSION = YES;
				CLANG_WARN_OBJC_IMPLICIT_RETAIN_SELF = YES;
				CLANG_WARN_OBJC_LITERAL_CONVERSION = YES;
				CLANG_WARN_OBJC_ROOT_CLASS = YES_ERROR;
				CLANG_WARN_QUOTED_INCLUDE_IN_FRAMEWORK_HEADER = YES;
				CLANG_WARN_RANGE_LOOP_ANALYSIS = YES;
				CLANG_WARN_STRICT_PROTOTYPES = YES;
				CLANG_WARN_SUSPICIOUS_MOVE = YES;
				CLANG_WARN_UNGUARDED_AVAILABILITY = YES_AGGRESSIVE;
				CLANG_WARN_UNREACHABLE_CODE = YES;
				CLANG_WARN__DUPLICATE_METHOD_MATCH = YES;
				COPY_PHASE_STRIP = NO;
				DEBUG_INFORMATION_FORMAT = dwarf;
				ENABLE_STRICT_OBJC_MSGSEND = YES;
				ENABLE_TESTABILITY = YES;
				GCC_C_LANGUAGE_STANDARD = gnu11;
				GCC_DYNAMIC_NO_PIC = NO;
				GCC_NO_COMMON_BLOCKS = YES;
				GCC_OPTIMIZATION_LEVEL = 0;
				GCC_PREPROCESSOR_DEFINITIONS = (
					"DEBUG=1",
					"$(inherited)",
				);
				GCC_WARN_64_TO_32_BIT_CONVERSION = YES;
				GCC_WARN_ABOUT_RETURN_TYPE = YES_ERROR;
				GCC_WARN_UNDECLARED_SELECTOR = YES;
				GCC_WARN_UNINITIALIZED_AUTOS = YES_AGGRESSIVE;
				GCC_WARN_UNUSED_FUNCTION = YES;
				GCC_WARN_UNUSED_VARIABLE = YES;
				IPHONEOS_DEPLOYMENT_TARGET = 15.5;
				MTL_ENABLE_DEBUG_INFO = INCLUDE_SOURCE;
				MTL_FAST_MATH = YES;
				ONLY_ACTIVE_ARCH = YES;
				SDKROOT = iphoneos;
				SWIFT_ACTIVE_COMPILATION_CONDITIONS = DEBUG;
				SWIFT_OPTIMIZATION_LEVEL = "-Onone";
			};
			name = Debug;
		};
		E158AC4D28CC330F00114F54 /* Release */ = {
			isa = XCBuildConfiguration;
			buildSettings = {
				ALWAYS_SEARCH_USER_PATHS = NO;
				CLANG_ANALYZER_NONNULL = YES;
				CLANG_ANALYZER_NUMBER_OBJECT_CONVERSION = YES_AGGRESSIVE;
				CLANG_CXX_LANGUAGE_STANDARD = "gnu++17";
				CLANG_ENABLE_MODULES = YES;
				CLANG_ENABLE_OBJC_ARC = YES;
				CLANG_ENABLE_OBJC_WEAK = YES;
				CLANG_WARN_BLOCK_CAPTURE_AUTORELEASING = YES;
				CLANG_WARN_BOOL_CONVERSION = YES;
				CLANG_WARN_COMMA = YES;
				CLANG_WARN_CONSTANT_CONVERSION = YES;
				CLANG_WARN_DEPRECATED_OBJC_IMPLEMENTATIONS = YES;
				CLANG_WARN_DIRECT_OBJC_ISA_USAGE = YES_ERROR;
				CLANG_WARN_DOCUMENTATION_COMMENTS = YES;
				CLANG_WARN_EMPTY_BODY = YES;
				CLANG_WARN_ENUM_CONVERSION = YES;
				CLANG_WARN_INFINITE_RECURSION = YES;
				CLANG_WARN_INT_CONVERSION = YES;
				CLANG_WARN_NON_LITERAL_NULL_CONVERSION = YES;
				CLANG_WARN_OBJC_IMPLICIT_RETAIN_SELF = YES;
				CLANG_WARN_OBJC_LITERAL_CONVERSION = YES;
				CLANG_WARN_OBJC_ROOT_CLASS = YES_ERROR;
				CLANG_WARN_QUOTED_INCLUDE_IN_FRAMEWORK_HEADER = YES;
				CLANG_WARN_RANGE_LOOP_ANALYSIS = YES;
				CLANG_WARN_STRICT_PROTOTYPES = YES;
				CLANG_WARN_SUSPICIOUS_MOVE = YES;
				CLANG_WARN_UNGUARDED_AVAILABILITY = YES_AGGRESSIVE;
				CLANG_WARN_UNREACHABLE_CODE = YES;
				CLANG_WARN__DUPLICATE_METHOD_MATCH = YES;
				COPY_PHASE_STRIP = NO;
				DEBUG_INFORMATION_FORMAT = "dwarf-with-dsym";
				ENABLE_NS_ASSERTIONS = NO;
				ENABLE_STRICT_OBJC_MSGSEND = YES;
				GCC_C_LANGUAGE_STANDARD = gnu11;
				GCC_NO_COMMON_BLOCKS = YES;
				GCC_WARN_64_TO_32_BIT_CONVERSION = YES;
				GCC_WARN_ABOUT_RETURN_TYPE = YES_ERROR;
				GCC_WARN_UNDECLARED_SELECTOR = YES;
				GCC_WARN_UNINITIALIZED_AUTOS = YES_AGGRESSIVE;
				GCC_WARN_UNUSED_FUNCTION = YES;
				GCC_WARN_UNUSED_VARIABLE = YES;
				IPHONEOS_DEPLOYMENT_TARGET = 15.5;
				MTL_ENABLE_DEBUG_INFO = NO;
				MTL_FAST_MATH = YES;
				SDKROOT = iphoneos;
				SWIFT_COMPILATION_MODE = wholemodule;
				SWIFT_OPTIMIZATION_LEVEL = "-O";
				VALIDATE_PRODUCT = YES;
			};
			name = Release;
		};
		E158AC4F28CC330F00114F54 /* Debug */ = {
			isa = XCBuildConfiguration;
			baseConfigurationReference = 65EDE994F498C23D1666F621 /* Pods-TestFireBase.debug.xcconfig */;
			buildSettings = {
				ASSETCATALOG_COMPILER_APPICON_NAME = AppIcon;
				ASSETCATALOG_COMPILER_GLOBAL_ACCENT_COLOR_NAME = AccentColor;
				CODE_SIGN_STYLE = Automatic;
				CURRENT_PROJECT_VERSION = 1;
				DEVELOPMENT_ASSET_PATHS = "\"TestFireBase/Preview Content\"";
				DEVELOPMENT_TEAM = WTMY3HTV63;
				ENABLE_PREVIEWS = YES;
				GENERATE_INFOPLIST_FILE = YES;
				INFOPLIST_KEY_UIApplicationSceneManifest_Generation = YES;
				INFOPLIST_KEY_UIApplicationSupportsIndirectInputEvents = YES;
				INFOPLIST_KEY_UILaunchScreen_Generation = YES;
				INFOPLIST_KEY_UISupportedInterfaceOrientations_iPad = "UIInterfaceOrientationPortrait UIInterfaceOrientationPortraitUpsideDown UIInterfaceOrientationLandscapeLeft UIInterfaceOrientationLandscapeRight";
				INFOPLIST_KEY_UISupportedInterfaceOrientations_iPhone = "UIInterfaceOrientationPortrait UIInterfaceOrientationLandscapeLeft UIInterfaceOrientationLandscapeRight";
				IPHONEOS_DEPLOYMENT_TARGET = 14.7;
				LD_RUNPATH_SEARCH_PATHS = (
					"$(inherited)",
					"@executable_path/Frameworks",
				);
				MARKETING_VERSION = 1.0;
				PRODUCT_BUNDLE_IDENTIFIER = com.iclouds.shpab.TestFireBase;
				PRODUCT_NAME = "$(TARGET_NAME)";
				SWIFT_EMIT_LOC_STRINGS = YES;
				SWIFT_VERSION = 5.0;
				TARGETED_DEVICE_FAMILY = "1,2";
			};
			name = Debug;
		};
		E158AC5028CC330F00114F54 /* Release */ = {
			isa = XCBuildConfiguration;
			baseConfigurationReference = 8CB06AE6C9866BEC299AC67C /* Pods-TestFireBase.release.xcconfig */;
			buildSettings = {
				ASSETCATALOG_COMPILER_APPICON_NAME = AppIcon;
				ASSETCATALOG_COMPILER_GLOBAL_ACCENT_COLOR_NAME = AccentColor;
				CODE_SIGN_STYLE = Automatic;
				CURRENT_PROJECT_VERSION = 1;
				DEVELOPMENT_ASSET_PATHS = "\"TestFireBase/Preview Content\"";
				DEVELOPMENT_TEAM = WTMY3HTV63;
				ENABLE_PREVIEWS = YES;
				GENERATE_INFOPLIST_FILE = YES;
				INFOPLIST_KEY_UIApplicationSceneManifest_Generation = YES;
				INFOPLIST_KEY_UIApplicationSupportsIndirectInputEvents = YES;
				INFOPLIST_KEY_UILaunchScreen_Generation = YES;
				INFOPLIST_KEY_UISupportedInterfaceOrientations_iPad = "UIInterfaceOrientationPortrait UIInterfaceOrientationPortraitUpsideDown UIInterfaceOrientationLandscapeLeft UIInterfaceOrientationLandscapeRight";
				INFOPLIST_KEY_UISupportedInterfaceOrientations_iPhone = "UIInterfaceOrientationPortrait UIInterfaceOrientationLandscapeLeft UIInterfaceOrientationLandscapeRight";
				IPHONEOS_DEPLOYMENT_TARGET = 14.7;
				LD_RUNPATH_SEARCH_PATHS = (
					"$(inherited)",
					"@executable_path/Frameworks",
				);
				MARKETING_VERSION = 1.0;
				PRODUCT_BUNDLE_IDENTIFIER = com.iclouds.shpab.TestFireBase;
				PRODUCT_NAME = "$(TARGET_NAME)";
				SWIFT_EMIT_LOC_STRINGS = YES;
				SWIFT_VERSION = 5.0;
				TARGETED_DEVICE_FAMILY = "1,2";
			};
			name = Release;
		};
/* End XCBuildConfiguration section */

/* Begin XCConfigurationList section */
		E158AC3B28CC330E00114F54 /* Build configuration list for PBXProject "TestFireBase" */ = {
			isa = XCConfigurationList;
			buildConfigurations = (
				E158AC4C28CC330F00114F54 /* Debug */,
				E158AC4D28CC330F00114F54 /* Release */,
			);
			defaultConfigurationIsVisible = 0;
			defaultConfigurationName = Release;
		};
		E158AC4E28CC330F00114F54 /* Build configuration list for PBXNativeTarget "TestFireBase" */ = {
			isa = XCConfigurationList;
			buildConfigurations = (
				E158AC4F28CC330F00114F54 /* Debug */,
				E158AC5028CC330F00114F54 /* Release */,
			);
			defaultConfigurationIsVisible = 0;
			defaultConfigurationName = Release;
		};
/* End XCConfigurationList section */
	};
	rootObject = E158AC3828CC330E00114F54 /* Project object */;
}
